// !$*UTF8*$!
{
	archiveVersion = 1;
	classes = {
	};
	objectVersion = 46;
	objects = {

/* Begin PBXBuildFile section */
		C701DFCB2332C4BE00B1082F /* ArcGIS.bundle in Resources */ = {isa = PBXBuildFile; fileRef = C701DFCA2332C4BE00B1082F /* ArcGIS.bundle */; };
		C701DFCD2333968D00B1082F /* WebKit.framework in Frameworks */ = {isa = PBXBuildFile; fileRef = C701DFCC2333968D00B1082F /* WebKit.framework */; };
		C701DFCF2333D73800B1082F /* PDFKit.framework in Frameworks */ = {isa = PBXBuildFile; fileRef = C701DFCE2333D73700B1082F /* PDFKit.framework */; };
		C701DFD22333DCFF00B1082F /* PDFCustomViewController.m in Sources */ = {isa = PBXBuildFile; fileRef = C701DFD02333DCFF00B1082F /* PDFCustomViewController.m */; };
		C701DFDE2333F32B00B1082F /* SVRadialGradientLayer.m in Sources */ = {isa = PBXBuildFile; fileRef = C701DFD42333F32B00B1082F /* SVRadialGradientLayer.m */; };
		C701DFDF2333F32B00B1082F /* SVProgressAnimatedView.m in Sources */ = {isa = PBXBuildFile; fileRef = C701DFD72333F32B00B1082F /* SVProgressAnimatedView.m */; };
		C701DFE02333F32B00B1082F /* SVProgressHUD.m in Sources */ = {isa = PBXBuildFile; fileRef = C701DFDA2333F32B00B1082F /* SVProgressHUD.m */; };
		C701DFE12333F32B00B1082F /* SVIndefiniteAnimatedView.m in Sources */ = {isa = PBXBuildFile; fileRef = C701DFDB2333F32B00B1082F /* SVIndefiniteAnimatedView.m */; };
		C701DFE22333F32B00B1082F /* SVProgressHUD.bundle in Resources */ = {isa = PBXBuildFile; fileRef = C701DFDC2333F32B00B1082F /* SVProgressHUD.bundle */; };
		C702B0911802F4870081C798 /* InfoViewController.m in Sources */ = {isa = PBXBuildFile; fileRef = C702B0901802F4870081C798 /* InfoViewController.m */; };
		C702B094180338F60081C798 /* ResultCell.m in Sources */ = {isa = PBXBuildFile; fileRef = C702B093180338F60081C798 /* ResultCell.m */; };
		C702B097180344050081C798 /* ResultsViewController.m in Sources */ = {isa = PBXBuildFile; fileRef = C702B096180344050081C798 /* ResultsViewController.m */; };
		C704882F1805B87C001F2E2A /* LayerDetailsViewController.m in Sources */ = {isa = PBXBuildFile; fileRef = C704882E1805B87C001F2E2A /* LayerDetailsViewController.m */; };
		C71860831806FCB9001947E4 /* LayerSwitch.m in Sources */ = {isa = PBXBuildFile; fileRef = C71860821806FCB9001947E4 /* LayerSwitch.m */; };
		C71860861806FF0A001947E4 /* LayerSlider.m in Sources */ = {isa = PBXBuildFile; fileRef = C71860851806FF0A001947E4 /* LayerSlider.m */; };
		C7186089180704AE001947E4 /* LegendViewController.m in Sources */ = {isa = PBXBuildFile; fileRef = C7186088180704AE001947E4 /* LegendViewController.m */; };
		C718608C180718BC001947E4 /* LegendCell.m in Sources */ = {isa = PBXBuildFile; fileRef = C718608B180718BC001947E4 /* LegendCell.m */; };
		C71E124D1808369C00B52444 /* PhotosViewController.m in Sources */ = {isa = PBXBuildFile; fileRef = C71E124C1808369C00B52444 /* PhotosViewController.m */; };
		C71E1250180836B100B52444 /* DeedsViewController.m in Sources */ = {isa = PBXBuildFile; fileRef = C71E124F180836B100B52444 /* DeedsViewController.m */; };
		C71E1256180836DA00B52444 /* TaxViewController.m in Sources */ = {isa = PBXBuildFile; fileRef = C71E1255180836D900B52444 /* TaxViewController.m */; };
		C71E125F1808675200B52444 /* PhotoContentViewController.m in Sources */ = {isa = PBXBuildFile; fileRef = C71E125E1808675200B52444 /* PhotoContentViewController.m */; };
		C721DDA6182D3A8900D7605F /* AddressesViewController.m in Sources */ = {isa = PBXBuildFile; fileRef = C721DDA5182D3A8900D7605F /* AddressesViewController.m */; };
		C722EFD8183E513500B50189 /* ServicesWebViewController.m in Sources */ = {isa = PBXBuildFile; fileRef = C722EFD7183E513500B50189 /* ServicesWebViewController.m */; };
		C7369477185BA6E600A35C2D /* BaseMapsSegementedController.m in Sources */ = {isa = PBXBuildFile; fileRef = C7369476185BA6E600A35C2D /* BaseMapsSegementedController.m */; };
		C742CD5119F000FA00597EC2 /* SepticPermitViewController.m in Sources */ = {isa = PBXBuildFile; fileRef = C742CD5019F000FA00597EC2 /* SepticPermitViewController.m */; };
		C750761617FCB7E40055D3E8 /* Foundation.framework in Frameworks */ = {isa = PBXBuildFile; fileRef = C750761517FCB7E40055D3E8 /* Foundation.framework */; };
		C750761817FCB7E40055D3E8 /* CoreGraphics.framework in Frameworks */ = {isa = PBXBuildFile; fileRef = C750761717FCB7E40055D3E8 /* CoreGraphics.framework */; };
		C750761A17FCB7E40055D3E8 /* UIKit.framework in Frameworks */ = {isa = PBXBuildFile; fileRef = C750761917FCB7E40055D3E8 /* UIKit.framework */; };
		C750762017FCB7E40055D3E8 /* InfoPlist.strings in Resources */ = {isa = PBXBuildFile; fileRef = C750761E17FCB7E40055D3E8 /* InfoPlist.strings */; };
		C750762217FCB7E40055D3E8 /* main.m in Sources */ = {isa = PBXBuildFile; fileRef = C750762117FCB7E40055D3E8 /* main.m */; };
		C750762617FCB7E40055D3E8 /* AppDelegate.m in Sources */ = {isa = PBXBuildFile; fileRef = C750762517FCB7E40055D3E8 /* AppDelegate.m */; };
		C750762917FCB7E40055D3E8 /* Main_iPhone.storyboard in Resources */ = {isa = PBXBuildFile; fileRef = C750762717FCB7E40055D3E8 /* Main_iPhone.storyboard */; };
		C750762C17FCB7E40055D3E8 /* Main_iPad.storyboard in Resources */ = {isa = PBXBuildFile; fileRef = C750762A17FCB7E40055D3E8 /* Main_iPad.storyboard */; };
		C750762F17FCB7E40055D3E8 /* MapViewController.m in Sources */ = {isa = PBXBuildFile; fileRef = C750762E17FCB7E40055D3E8 /* MapViewController.m */; };
		C750763117FCB7E40055D3E8 /* Images.xcassets in Resources */ = {isa = PBXBuildFile; fileRef = C750763017FCB7E40055D3E8 /* Images.xcassets */; };
		C750763817FCB7E40055D3E8 /* XCTest.framework in Frameworks */ = {isa = PBXBuildFile; fileRef = C750763717FCB7E40055D3E8 /* XCTest.framework */; };
		C750763917FCB7E40055D3E8 /* Foundation.framework in Frameworks */ = {isa = PBXBuildFile; fileRef = C750761517FCB7E40055D3E8 /* Foundation.framework */; };
		C750763A17FCB7E40055D3E8 /* UIKit.framework in Frameworks */ = {isa = PBXBuildFile; fileRef = C750761917FCB7E40055D3E8 /* UIKit.framework */; };
		C750764217FCB7E40055D3E8 /* InfoPlist.strings in Resources */ = {isa = PBXBuildFile; fileRef = C750764017FCB7E40055D3E8 /* InfoPlist.strings */; };
		C750764417FCB7E40055D3E8 /* iMAPSmobileTests.m in Sources */ = {isa = PBXBuildFile; fileRef = C750764317FCB7E40055D3E8 /* iMAPSmobileTests.m */; };
		C750764E17FCB84E0055D3E8 /* CoreLocation.framework in Frameworks */ = {isa = PBXBuildFile; fileRef = C750764D17FCB84E0055D3E8 /* CoreLocation.framework */; };
		C750765017FCB8DC0055D3E8 /* libz.dylib in Frameworks */ = {isa = PBXBuildFile; fileRef = C750764F17FCB8DC0055D3E8 /* libz.dylib */; };
		C750765217FCB91B0055D3E8 /* libc++.dylib in Frameworks */ = {isa = PBXBuildFile; fileRef = C750765117FCB91B0055D3E8 /* libc++.dylib */; };
		C750765417FCB9200055D3E8 /* MobileCoreServices.framework in Frameworks */ = {isa = PBXBuildFile; fileRef = C750765317FCB9200055D3E8 /* MobileCoreServices.framework */; };
		C750765617FCB9250055D3E8 /* MediaPlayer.framework in Frameworks */ = {isa = PBXBuildFile; fileRef = C750765517FCB9250055D3E8 /* MediaPlayer.framework */; };
		C750765817FCB92A0055D3E8 /* CoreText.framework in Frameworks */ = {isa = PBXBuildFile; fileRef = C750765717FCB92A0055D3E8 /* CoreText.framework */; };
		C750765A17FCB9350055D3E8 /* OpenGLES.framework in Frameworks */ = {isa = PBXBuildFile; fileRef = C750765917FCB9350055D3E8 /* OpenGLES.framework */; };
		C750765C17FCB93F0055D3E8 /* QuartzCore.framework in Frameworks */ = {isa = PBXBuildFile; fileRef = C750765B17FCB93F0055D3E8 /* QuartzCore.framework */; };
		C750765E17FCB9430055D3E8 /* Security.framework in Frameworks */ = {isa = PBXBuildFile; fileRef = C750765D17FCB9430055D3E8 /* Security.framework */; };
		C752F12318FC741D006A6B81 /* libGoogleAnalyticsServices.a in Frameworks */ = {isa = PBXBuildFile; fileRef = C7A82B7218356D9D00FBD5B8 /* libGoogleAnalyticsServices.a */; };
		C752F12518FC7465006A6B81 /* libsqlite3.0.dylib in Frameworks */ = {isa = PBXBuildFile; fileRef = C752F12418FC7465006A6B81 /* libsqlite3.0.dylib */; };
		C7622EC21886E16F0004C297 /* Reachability.m in Sources */ = {isa = PBXBuildFile; fileRef = C7622EC11886E16F0004C297 /* Reachability.m */; };
		C763F60923352E0B0096CB6C /* Launch Screen.storyboard in Resources */ = {isa = PBXBuildFile; fileRef = C763F60823352E0B0096CB6C /* Launch Screen.storyboard */; };
		C763F60B23352E430096CB6C /* Launch Screen iPad.storyboard in Resources */ = {isa = PBXBuildFile; fileRef = C763F60A23352E430096CB6C /* Launch Screen iPad.storyboard */; };
		C7A82B7518356EE800FBD5B8 /* CoreData.framework in Frameworks */ = {isa = PBXBuildFile; fileRef = C7A82B7418356EE800FBD5B8 /* CoreData.framework */; };
		C7A82B7718356EF200FBD5B8 /* SystemConfiguration.framework in Frameworks */ = {isa = PBXBuildFile; fileRef = C7A82B7618356EF200FBD5B8 /* SystemConfiguration.framework */; };
		C7B23B3718367FB400C7E536 /* AdSupport.framework in Frameworks */ = {isa = PBXBuildFile; fileRef = C7B23B3618367FB400C7E536 /* AdSupport.framework */; };
		C7B28CC71860C79C00A42D3B /* MapSettingsController.m in Sources */ = {isa = PBXBuildFile; fileRef = C7B28CC61860C79C00A42D3B /* MapSettingsController.m */; };
		C7D8B83017FDB4D50062EE89 /* SearchController.m in Sources */ = {isa = PBXBuildFile; fileRef = C7D8B82F17FDB4D50062EE89 /* SearchController.m */; };
		C7E99363180C6A3E008EC029 /* LayerDetailSwitch.m in Sources */ = {isa = PBXBuildFile; fileRef = C7E99362180C6A3E008EC029 /* LayerDetailSwitch.m */; };
		C7E99369180C7015008EC029 /* LayerDetailCell.m in Sources */ = {isa = PBXBuildFile; fileRef = C7E99368180C7015008EC029 /* LayerDetailCell.m */; };
		C7FC44FD1806F182007901FA /* LayerCell.m in Sources */ = {isa = PBXBuildFile; fileRef = C7FC44FC1806F182007901FA /* LayerCell.m */; };
		C7FCBC60180470C2001FBE08 /* LayersViewController.m in Sources */ = {isa = PBXBuildFile; fileRef = C7FCBC5F180470C2001FBE08 /* LayersViewController.m */; };
		C7FCBC6318048624001FBE08 /* SingletonData.m in Sources */ = {isa = PBXBuildFile; fileRef = C7FCBC6218048624001FBE08 /* SingletonData.m */; };
/* End PBXBuildFile section */

/* Begin PBXContainerItemProxy section */
		C750763B17FCB7E40055D3E8 /* PBXContainerItemProxy */ = {
			isa = PBXContainerItemProxy;
			containerPortal = C750760A17FCB7E40055D3E8 /* Project object */;
			proxyType = 1;
			remoteGlobalIDString = C750761117FCB7E40055D3E8;
			remoteInfo = iMAPSmobile;
		};
/* End PBXContainerItemProxy section */

/* Begin PBXFileReference section */
		C701DFCA2332C4BE00B1082F /* ArcGIS.bundle */ = {isa = PBXFileReference; lastKnownFileType = "wrapper.plug-in"; name = ArcGIS.bundle; path = ../../../Library/SDKs/ArcGIS/iOS/ArcGIS.framework/Versions/Current/Resources/ArcGIS.bundle; sourceTree = "<group>"; };
		C701DFCC2333968D00B1082F /* WebKit.framework */ = {isa = PBXFileReference; lastKnownFileType = wrapper.framework; name = WebKit.framework; path = System/Library/Frameworks/WebKit.framework; sourceTree = SDKROOT; };
		C701DFCE2333D73700B1082F /* PDFKit.framework */ = {isa = PBXFileReference; lastKnownFileType = wrapper.framework; name = PDFKit.framework; path = System/Library/Frameworks/PDFKit.framework; sourceTree = SDKROOT; };
		C701DFD02333DCFF00B1082F /* PDFCustomViewController.m */ = {isa = PBXFileReference; fileEncoding = 4; lastKnownFileType = sourcecode.c.objc; path = PDFCustomViewController.m; sourceTree = "<group>"; };
		C701DFD12333DCFF00B1082F /* PDFCustomViewController.h */ = {isa = PBXFileReference; fileEncoding = 4; lastKnownFileType = sourcecode.c.h; path = PDFCustomViewController.h; sourceTree = "<group>"; };
		C701DFD42333F32B00B1082F /* SVRadialGradientLayer.m */ = {isa = PBXFileReference; fileEncoding = 4; lastKnownFileType = sourcecode.c.objc; path = SVRadialGradientLayer.m; sourceTree = "<group>"; };
		C701DFD52333F32B00B1082F /* SVIndefiniteAnimatedView.h */ = {isa = PBXFileReference; fileEncoding = 4; lastKnownFileType = sourcecode.c.h; path = SVIndefiniteAnimatedView.h; sourceTree = "<group>"; };
		C701DFD62333F32B00B1082F /* SVProgressHUD.h */ = {isa = PBXFileReference; fileEncoding = 4; lastKnownFileType = sourcecode.c.h; path = SVProgressHUD.h; sourceTree = "<group>"; };
		C701DFD72333F32B00B1082F /* SVProgressAnimatedView.m */ = {isa = PBXFileReference; fileEncoding = 4; lastKnownFileType = sourcecode.c.objc; path = SVProgressAnimatedView.m; sourceTree = "<group>"; };
		C701DFD82333F32B00B1082F /* SVProgressHUD-Prefix.pch */ = {isa = PBXFileReference; fileEncoding = 4; lastKnownFileType = sourcecode.c.h; path = "SVProgressHUD-Prefix.pch"; sourceTree = "<group>"; };
		C701DFD92333F32B00B1082F /* SVRadialGradientLayer.h */ = {isa = PBXFileReference; fileEncoding = 4; lastKnownFileType = sourcecode.c.h; path = SVRadialGradientLayer.h; sourceTree = "<group>"; };
		C701DFDA2333F32B00B1082F /* SVProgressHUD.m */ = {isa = PBXFileReference; fileEncoding = 4; lastKnownFileType = sourcecode.c.objc; path = SVProgressHUD.m; sourceTree = "<group>"; };
		C701DFDB2333F32B00B1082F /* SVIndefiniteAnimatedView.m */ = {isa = PBXFileReference; fileEncoding = 4; lastKnownFileType = sourcecode.c.objc; path = SVIndefiniteAnimatedView.m; sourceTree = "<group>"; };
		C701DFDC2333F32B00B1082F /* SVProgressHUD.bundle */ = {isa = PBXFileReference; lastKnownFileType = "wrapper.plug-in"; path = SVProgressHUD.bundle; sourceTree = "<group>"; };
		C701DFDD2333F32B00B1082F /* SVProgressAnimatedView.h */ = {isa = PBXFileReference; fileEncoding = 4; lastKnownFileType = sourcecode.c.h; path = SVProgressAnimatedView.h; sourceTree = "<group>"; };
		C702B08F1802F4870081C798 /* InfoViewController.h */ = {isa = PBXFileReference; fileEncoding = 4; lastKnownFileType = sourcecode.c.h; path = InfoViewController.h; sourceTree = "<group>"; };
		C702B0901802F4870081C798 /* InfoViewController.m */ = {isa = PBXFileReference; fileEncoding = 4; lastKnownFileType = sourcecode.c.objc; path = InfoViewController.m; sourceTree = "<group>"; };
		C702B092180338F60081C798 /* ResultCell.h */ = {isa = PBXFileReference; fileEncoding = 4; lastKnownFileType = sourcecode.c.h; path = ResultCell.h; sourceTree = "<group>"; };
		C702B093180338F60081C798 /* ResultCell.m */ = {isa = PBXFileReference; fileEncoding = 4; lastKnownFileType = sourcecode.c.objc; path = ResultCell.m; sourceTree = "<group>"; };
		C702B095180344050081C798 /* ResultsViewController.h */ = {isa = PBXFileReference; fileEncoding = 4; lastKnownFileType = sourcecode.c.h; path = ResultsViewController.h; sourceTree = "<group>"; };
		C702B096180344050081C798 /* ResultsViewController.m */ = {isa = PBXFileReference; fileEncoding = 4; lastKnownFileType = sourcecode.c.objc; path = ResultsViewController.m; sourceTree = "<group>"; };
		C704882D1805B87C001F2E2A /* LayerDetailsViewController.h */ = {isa = PBXFileReference; fileEncoding = 4; lastKnownFileType = sourcecode.c.h; path = LayerDetailsViewController.h; sourceTree = "<group>"; };
		C704882E1805B87C001F2E2A /* LayerDetailsViewController.m */ = {isa = PBXFileReference; fileEncoding = 4; lastKnownFileType = sourcecode.c.objc; path = LayerDetailsViewController.m; sourceTree = "<group>"; };
		C71860811806FCB9001947E4 /* LayerSwitch.h */ = {isa = PBXFileReference; fileEncoding = 4; lastKnownFileType = sourcecode.c.h; path = LayerSwitch.h; sourceTree = "<group>"; };
		C71860821806FCB9001947E4 /* LayerSwitch.m */ = {isa = PBXFileReference; fileEncoding = 4; lastKnownFileType = sourcecode.c.objc; path = LayerSwitch.m; sourceTree = "<group>"; };
		C71860841806FF0A001947E4 /* LayerSlider.h */ = {isa = PBXFileReference; fileEncoding = 4; lastKnownFileType = sourcecode.c.h; path = LayerSlider.h; sourceTree = "<group>"; };
		C71860851806FF0A001947E4 /* LayerSlider.m */ = {isa = PBXFileReference; fileEncoding = 4; lastKnownFileType = sourcecode.c.objc; path = LayerSlider.m; sourceTree = "<group>"; };
		C7186087180704AE001947E4 /* LegendViewController.h */ = {isa = PBXFileReference; fileEncoding = 4; lastKnownFileType = sourcecode.c.h; name = LegendViewController.h; path = ../LegendViewController.h; sourceTree = "<group>"; };
		C7186088180704AE001947E4 /* LegendViewController.m */ = {isa = PBXFileReference; fileEncoding = 4; lastKnownFileType = sourcecode.c.objc; name = LegendViewController.m; path = ../LegendViewController.m; sourceTree = "<group>"; };
		C718608A180718BC001947E4 /* LegendCell.h */ = {isa = PBXFileReference; fileEncoding = 4; lastKnownFileType = sourcecode.c.h; path = LegendCell.h; sourceTree = "<group>"; };
		C718608B180718BC001947E4 /* LegendCell.m */ = {isa = PBXFileReference; fileEncoding = 4; lastKnownFileType = sourcecode.c.objc; path = LegendCell.m; sourceTree = "<group>"; };
		C71E124B1808369C00B52444 /* PhotosViewController.h */ = {isa = PBXFileReference; fileEncoding = 4; lastKnownFileType = sourcecode.c.h; path = PhotosViewController.h; sourceTree = "<group>"; };
		C71E124C1808369C00B52444 /* PhotosViewController.m */ = {isa = PBXFileReference; fileEncoding = 4; lastKnownFileType = sourcecode.c.objc; path = PhotosViewController.m; sourceTree = "<group>"; };
		C71E124E180836B100B52444 /* DeedsViewController.h */ = {isa = PBXFileReference; fileEncoding = 4; lastKnownFileType = sourcecode.c.h; path = DeedsViewController.h; sourceTree = "<group>"; };
		C71E124F180836B100B52444 /* DeedsViewController.m */ = {isa = PBXFileReference; fileEncoding = 4; lastKnownFileType = sourcecode.c.objc; path = DeedsViewController.m; sourceTree = "<group>"; };
		C71E1254180836D900B52444 /* TaxViewController.h */ = {isa = PBXFileReference; fileEncoding = 4; lastKnownFileType = sourcecode.c.h; path = TaxViewController.h; sourceTree = "<group>"; };
		C71E1255180836D900B52444 /* TaxViewController.m */ = {isa = PBXFileReference; fileEncoding = 4; lastKnownFileType = sourcecode.c.objc; path = TaxViewController.m; sourceTree = "<group>"; };
		C71E125D1808675200B52444 /* PhotoContentViewController.h */ = {isa = PBXFileReference; fileEncoding = 4; lastKnownFileType = sourcecode.c.h; path = PhotoContentViewController.h; sourceTree = "<group>"; };
		C71E125E1808675200B52444 /* PhotoContentViewController.m */ = {isa = PBXFileReference; fileEncoding = 4; lastKnownFileType = sourcecode.c.objc; path = PhotoContentViewController.m; sourceTree = "<group>"; };
		C721DDA4182D3A8900D7605F /* AddressesViewController.h */ = {isa = PBXFileReference; fileEncoding = 4; lastKnownFileType = sourcecode.c.h; path = AddressesViewController.h; sourceTree = "<group>"; };
		C721DDA5182D3A8900D7605F /* AddressesViewController.m */ = {isa = PBXFileReference; fileEncoding = 4; lastKnownFileType = sourcecode.c.objc; path = AddressesViewController.m; sourceTree = "<group>"; };
		C722EFD6183E513500B50189 /* ServicesWebViewController.h */ = {isa = PBXFileReference; fileEncoding = 4; lastKnownFileType = sourcecode.c.h; path = ServicesWebViewController.h; sourceTree = "<group>"; };
		C722EFD7183E513500B50189 /* ServicesWebViewController.m */ = {isa = PBXFileReference; fileEncoding = 4; lastKnownFileType = sourcecode.c.objc; path = ServicesWebViewController.m; sourceTree = "<group>"; };
		C7369475185BA6E600A35C2D /* BaseMapsSegementedController.h */ = {isa = PBXFileReference; fileEncoding = 4; lastKnownFileType = sourcecode.c.h; path = BaseMapsSegementedController.h; sourceTree = "<group>"; };
		C7369476185BA6E600A35C2D /* BaseMapsSegementedController.m */ = {isa = PBXFileReference; fileEncoding = 4; lastKnownFileType = sourcecode.c.objc; path = BaseMapsSegementedController.m; sourceTree = "<group>"; };
		C742CD4F19F000FA00597EC2 /* SepticPermitViewController.h */ = {isa = PBXFileReference; fileEncoding = 4; lastKnownFileType = sourcecode.c.h; path = SepticPermitViewController.h; sourceTree = "<group>"; };
		C742CD5019F000FA00597EC2 /* SepticPermitViewController.m */ = {isa = PBXFileReference; fileEncoding = 4; lastKnownFileType = sourcecode.c.objc; path = SepticPermitViewController.m; sourceTree = "<group>"; };
		C750761217FCB7E40055D3E8 /* iMapsMobile.app */ = {isa = PBXFileReference; explicitFileType = wrapper.application; includeInIndex = 0; path = iMapsMobile.app; sourceTree = BUILT_PRODUCTS_DIR; };
		C750761517FCB7E40055D3E8 /* Foundation.framework */ = {isa = PBXFileReference; lastKnownFileType = wrapper.framework; name = Foundation.framework; path = System/Library/Frameworks/Foundation.framework; sourceTree = SDKROOT; };
		C750761717FCB7E40055D3E8 /* CoreGraphics.framework */ = {isa = PBXFileReference; lastKnownFileType = wrapper.framework; name = CoreGraphics.framework; path = System/Library/Frameworks/CoreGraphics.framework; sourceTree = SDKROOT; };
		C750761917FCB7E40055D3E8 /* UIKit.framework */ = {isa = PBXFileReference; lastKnownFileType = wrapper.framework; name = UIKit.framework; path = System/Library/Frameworks/UIKit.framework; sourceTree = SDKROOT; };
		C750761D17FCB7E40055D3E8 /* iMapsMobile-Info.plist */ = {isa = PBXFileReference; lastKnownFileType = text.plist.xml; path = "iMapsMobile-Info.plist"; sourceTree = "<group>"; };
		C750761F17FCB7E40055D3E8 /* en */ = {isa = PBXFileReference; lastKnownFileType = text.plist.strings; name = en; path = en.lproj/InfoPlist.strings; sourceTree = "<group>"; };
		C750762117FCB7E40055D3E8 /* main.m */ = {isa = PBXFileReference; lastKnownFileType = sourcecode.c.objc; path = main.m; sourceTree = "<group>"; };
		C750762317FCB7E40055D3E8 /* iMapsMobile-Prefix.pch */ = {isa = PBXFileReference; lastKnownFileType = sourcecode.c.h; path = "iMapsMobile-Prefix.pch"; sourceTree = "<group>"; };
		C750762417FCB7E40055D3E8 /* AppDelegate.h */ = {isa = PBXFileReference; lastKnownFileType = sourcecode.c.h; path = AppDelegate.h; sourceTree = "<group>"; };
		C750762517FCB7E40055D3E8 /* AppDelegate.m */ = {isa = PBXFileReference; lastKnownFileType = sourcecode.c.objc; path = AppDelegate.m; sourceTree = "<group>"; };
		C750762817FCB7E40055D3E8 /* Base */ = {isa = PBXFileReference; lastKnownFileType = file.storyboard; name = Base; path = Base.lproj/Main_iPhone.storyboard; sourceTree = "<group>"; };
		C750762B17FCB7E40055D3E8 /* Base */ = {isa = PBXFileReference; lastKnownFileType = file.storyboard; name = Base; path = Base.lproj/Main_iPad.storyboard; sourceTree = "<group>"; };
		C750762D17FCB7E40055D3E8 /* MapViewController.h */ = {isa = PBXFileReference; lastKnownFileType = sourcecode.c.h; path = MapViewController.h; sourceTree = "<group>"; };
		C750762E17FCB7E40055D3E8 /* MapViewController.m */ = {isa = PBXFileReference; lastKnownFileType = sourcecode.c.objc; path = MapViewController.m; sourceTree = "<group>"; };
		C750763017FCB7E40055D3E8 /* Images.xcassets */ = {isa = PBXFileReference; lastKnownFileType = folder.assetcatalog; path = Images.xcassets; sourceTree = "<group>"; };
		C750763617FCB7E40055D3E8 /* iMapsMobileTests.xctest */ = {isa = PBXFileReference; explicitFileType = wrapper.cfbundle; includeInIndex = 0; path = iMapsMobileTests.xctest; sourceTree = BUILT_PRODUCTS_DIR; };
		C750763717FCB7E40055D3E8 /* XCTest.framework */ = {isa = PBXFileReference; lastKnownFileType = wrapper.framework; name = XCTest.framework; path = Library/Frameworks/XCTest.framework; sourceTree = DEVELOPER_DIR; };
		C750763F17FCB7E40055D3E8 /* iMAPSTests-Info.plist */ = {isa = PBXFileReference; lastKnownFileType = text.plist.xml; path = "iMAPSTests-Info.plist"; sourceTree = "<group>"; };
		C750764117FCB7E40055D3E8 /* en */ = {isa = PBXFileReference; lastKnownFileType = text.plist.strings; name = en; path = en.lproj/InfoPlist.strings; sourceTree = "<group>"; };
		C750764317FCB7E40055D3E8 /* iMAPSmobileTests.m */ = {isa = PBXFileReference; lastKnownFileType = sourcecode.c.objc; path = iMAPSmobileTests.m; sourceTree = "<group>"; };
		C750764D17FCB84E0055D3E8 /* CoreLocation.framework */ = {isa = PBXFileReference; lastKnownFileType = wrapper.framework; name = CoreLocation.framework; path = System/Library/Frameworks/CoreLocation.framework; sourceTree = SDKROOT; };
		C750764F17FCB8DC0055D3E8 /* libz.dylib */ = {isa = PBXFileReference; lastKnownFileType = "compiled.mach-o.dylib"; name = libz.dylib; path = usr/lib/libz.dylib; sourceTree = SDKROOT; };
		C750765117FCB91B0055D3E8 /* libc++.dylib */ = {isa = PBXFileReference; lastKnownFileType = "compiled.mach-o.dylib"; name = "libc++.dylib"; path = "usr/lib/libc++.dylib"; sourceTree = SDKROOT; };
		C750765317FCB9200055D3E8 /* MobileCoreServices.framework */ = {isa = PBXFileReference; lastKnownFileType = wrapper.framework; name = MobileCoreServices.framework; path = System/Library/Frameworks/MobileCoreServices.framework; sourceTree = SDKROOT; };
		C750765517FCB9250055D3E8 /* MediaPlayer.framework */ = {isa = PBXFileReference; lastKnownFileType = wrapper.framework; name = MediaPlayer.framework; path = System/Library/Frameworks/MediaPlayer.framework; sourceTree = SDKROOT; };
		C750765717FCB92A0055D3E8 /* CoreText.framework */ = {isa = PBXFileReference; lastKnownFileType = wrapper.framework; name = CoreText.framework; path = System/Library/Frameworks/CoreText.framework; sourceTree = SDKROOT; };
		C750765917FCB9350055D3E8 /* OpenGLES.framework */ = {isa = PBXFileReference; lastKnownFileType = wrapper.framework; name = OpenGLES.framework; path = System/Library/Frameworks/OpenGLES.framework; sourceTree = SDKROOT; };
		C750765B17FCB93F0055D3E8 /* QuartzCore.framework */ = {isa = PBXFileReference; lastKnownFileType = wrapper.framework; name = QuartzCore.framework; path = System/Library/Frameworks/QuartzCore.framework; sourceTree = SDKROOT; };
		C750765D17FCB9430055D3E8 /* Security.framework */ = {isa = PBXFileReference; lastKnownFileType = wrapper.framework; name = Security.framework; path = System/Library/Frameworks/Security.framework; sourceTree = SDKROOT; };
		C752F12418FC7465006A6B81 /* libsqlite3.0.dylib */ = {isa = PBXFileReference; lastKnownFileType = "compiled.mach-o.dylib"; name = libsqlite3.0.dylib; path = usr/lib/libsqlite3.0.dylib; sourceTree = SDKROOT; };
		C7622EC01886E16F0004C297 /* Reachability.h */ = {isa = PBXFileReference; fileEncoding = 4; lastKnownFileType = sourcecode.c.h; path = Reachability.h; sourceTree = "<group>"; };
		C7622EC11886E16F0004C297 /* Reachability.m */ = {isa = PBXFileReference; fileEncoding = 4; lastKnownFileType = sourcecode.c.objc; path = Reachability.m; sourceTree = "<group>"; };
		C763F60823352E0B0096CB6C /* Launch Screen.storyboard */ = {isa = PBXFileReference; lastKnownFileType = file.storyboard; path = "Launch Screen.storyboard"; sourceTree = "<group>"; };
		C763F60A23352E430096CB6C /* Launch Screen iPad.storyboard */ = {isa = PBXFileReference; lastKnownFileType = file.storyboard; path = "Launch Screen iPad.storyboard"; sourceTree = "<group>"; };
		C7A82B7218356D9D00FBD5B8 /* libGoogleAnalyticsServices.a */ = {isa = PBXFileReference; lastKnownFileType = archive.ar; path = libGoogleAnalyticsServices.a; sourceTree = "<group>"; };
		C7A82B7418356EE800FBD5B8 /* CoreData.framework */ = {isa = PBXFileReference; lastKnownFileType = wrapper.framework; name = CoreData.framework; path = System/Library/Frameworks/CoreData.framework; sourceTree = SDKROOT; };
		C7A82B7618356EF200FBD5B8 /* SystemConfiguration.framework */ = {isa = PBXFileReference; lastKnownFileType = wrapper.framework; name = SystemConfiguration.framework; path = System/Library/Frameworks/SystemConfiguration.framework; sourceTree = SDKROOT; };
		C7B23B3618367FB400C7E536 /* AdSupport.framework */ = {isa = PBXFileReference; lastKnownFileType = wrapper.framework; name = AdSupport.framework; path = System/Library/Frameworks/AdSupport.framework; sourceTree = SDKROOT; };
		C7B28CC51860C79C00A42D3B /* MapSettingsController.h */ = {isa = PBXFileReference; fileEncoding = 4; lastKnownFileType = sourcecode.c.h; path = MapSettingsController.h; sourceTree = "<group>"; };
		C7B28CC61860C79C00A42D3B /* MapSettingsController.m */ = {isa = PBXFileReference; fileEncoding = 4; lastKnownFileType = sourcecode.c.objc; path = MapSettingsController.m; sourceTree = "<group>"; };
		C7D8B82E17FDB4D50062EE89 /* SearchController.h */ = {isa = PBXFileReference; fileEncoding = 4; lastKnownFileType = sourcecode.c.h; path = SearchController.h; sourceTree = "<group>"; };
		C7D8B82F17FDB4D50062EE89 /* SearchController.m */ = {isa = PBXFileReference; fileEncoding = 4; lastKnownFileType = sourcecode.c.objc; path = SearchController.m; sourceTree = "<group>"; };
		C7E99361180C6A3E008EC029 /* LayerDetailSwitch.h */ = {isa = PBXFileReference; fileEncoding = 4; lastKnownFileType = sourcecode.c.h; path = LayerDetailSwitch.h; sourceTree = "<group>"; };
		C7E99362180C6A3E008EC029 /* LayerDetailSwitch.m */ = {isa = PBXFileReference; fileEncoding = 4; lastKnownFileType = sourcecode.c.objc; path = LayerDetailSwitch.m; sourceTree = "<group>"; };
		C7E99367180C7015008EC029 /* LayerDetailCell.h */ = {isa = PBXFileReference; fileEncoding = 4; lastKnownFileType = sourcecode.c.h; path = LayerDetailCell.h; sourceTree = "<group>"; };
		C7E99368180C7015008EC029 /* LayerDetailCell.m */ = {isa = PBXFileReference; fileEncoding = 4; lastKnownFileType = sourcecode.c.objc; path = LayerDetailCell.m; sourceTree = "<group>"; };
		C7FC44FB1806F182007901FA /* LayerCell.h */ = {isa = PBXFileReference; fileEncoding = 4; lastKnownFileType = sourcecode.c.h; path = LayerCell.h; sourceTree = "<group>"; };
		C7FC44FC1806F182007901FA /* LayerCell.m */ = {isa = PBXFileReference; fileEncoding = 4; lastKnownFileType = sourcecode.c.objc; path = LayerCell.m; sourceTree = "<group>"; };
		C7FCBC5E180470C2001FBE08 /* LayersViewController.h */ = {isa = PBXFileReference; fileEncoding = 4; lastKnownFileType = sourcecode.c.h; path = LayersViewController.h; sourceTree = "<group>"; };
		C7FCBC5F180470C2001FBE08 /* LayersViewController.m */ = {isa = PBXFileReference; fileEncoding = 4; lastKnownFileType = sourcecode.c.objc; path = LayersViewController.m; sourceTree = "<group>"; };
		C7FCBC6118048624001FBE08 /* SingletonData.h */ = {isa = PBXFileReference; fileEncoding = 4; lastKnownFileType = sourcecode.c.h; path = SingletonData.h; sourceTree = "<group>"; };
		C7FCBC6218048624001FBE08 /* SingletonData.m */ = {isa = PBXFileReference; fileEncoding = 4; lastKnownFileType = sourcecode.c.objc; path = SingletonData.m; sourceTree = "<group>"; };
/* End PBXFileReference section */

/* Begin PBXFrameworksBuildPhase section */
		C750760F17FCB7E40055D3E8 /* Frameworks */ = {
			isa = PBXFrameworksBuildPhase;
			buildActionMask = 2147483647;
			files = (
				C701DFCF2333D73800B1082F /* PDFKit.framework in Frameworks */,
				C750761A17FCB7E40055D3E8 /* UIKit.framework in Frameworks */,
				C701DFCD2333968D00B1082F /* WebKit.framework in Frameworks */,
				C752F12318FC741D006A6B81 /* libGoogleAnalyticsServices.a in Frameworks */,
				C7B23B3718367FB400C7E536 /* AdSupport.framework in Frameworks */,
				C750765E17FCB9430055D3E8 /* Security.framework in Frameworks */,
				C750765C17FCB93F0055D3E8 /* QuartzCore.framework in Frameworks */,
				C750765A17FCB9350055D3E8 /* OpenGLES.framework in Frameworks */,
				C750765817FCB92A0055D3E8 /* CoreText.framework in Frameworks */,
				C750765617FCB9250055D3E8 /* MediaPlayer.framework in Frameworks */,
				C750765417FCB9200055D3E8 /* MobileCoreServices.framework in Frameworks */,
				C750765217FCB91B0055D3E8 /* libc++.dylib in Frameworks */,
				C750765017FCB8DC0055D3E8 /* libz.dylib in Frameworks */,
				C750764E17FCB84E0055D3E8 /* CoreLocation.framework in Frameworks */,
				C750761817FCB7E40055D3E8 /* CoreGraphics.framework in Frameworks */,
				C750761617FCB7E40055D3E8 /* Foundation.framework in Frameworks */,
				C7A82B7518356EE800FBD5B8 /* CoreData.framework in Frameworks */,
				C7A82B7718356EF200FBD5B8 /* SystemConfiguration.framework in Frameworks */,
				C752F12518FC7465006A6B81 /* libsqlite3.0.dylib in Frameworks */,
			);
			runOnlyForDeploymentPostprocessing = 0;
		};
		C750763317FCB7E40055D3E8 /* Frameworks */ = {
			isa = PBXFrameworksBuildPhase;
			buildActionMask = 2147483647;
			files = (
				C750763817FCB7E40055D3E8 /* XCTest.framework in Frameworks */,
				C750763A17FCB7E40055D3E8 /* UIKit.framework in Frameworks */,
				C750763917FCB7E40055D3E8 /* Foundation.framework in Frameworks */,
			);
			runOnlyForDeploymentPostprocessing = 0;
		};
/* End PBXFrameworksBuildPhase section */

/* Begin PBXGroup section */
		C701DFD32333F32B00B1082F /* SVProgressHUD */ = {
			isa = PBXGroup;
			children = (
				C701DFD42333F32B00B1082F /* SVRadialGradientLayer.m */,
				C701DFD52333F32B00B1082F /* SVIndefiniteAnimatedView.h */,
				C701DFD62333F32B00B1082F /* SVProgressHUD.h */,
				C701DFD72333F32B00B1082F /* SVProgressAnimatedView.m */,
				C701DFD82333F32B00B1082F /* SVProgressHUD-Prefix.pch */,
				C701DFD92333F32B00B1082F /* SVRadialGradientLayer.h */,
				C701DFDA2333F32B00B1082F /* SVProgressHUD.m */,
				C701DFDB2333F32B00B1082F /* SVIndefiniteAnimatedView.m */,
				C701DFDC2333F32B00B1082F /* SVProgressHUD.bundle */,
				C701DFDD2333F32B00B1082F /* SVProgressAnimatedView.h */,
			);
			path = SVProgressHUD;
			sourceTree = "<group>";
		};
		C750760917FCB7E40055D3E8 = {
			isa = PBXGroup;
			children = (
				C763F60823352E0B0096CB6C /* Launch Screen.storyboard */,
				C763F60A23352E430096CB6C /* Launch Screen iPad.storyboard */,
				C750761B17FCB7E40055D3E8 /* iMAPSmobile */,
				C750763D17FCB7E40055D3E8 /* iMAPSmobileTests */,
				C750761417FCB7E40055D3E8 /* Frameworks */,
				C750761317FCB7E40055D3E8 /* Products */,
			);
			sourceTree = "<group>";
		};
		C750761317FCB7E40055D3E8 /* Products */ = {
			isa = PBXGroup;
			children = (
				C750761217FCB7E40055D3E8 /* iMapsMobile.app */,
				C750763617FCB7E40055D3E8 /* iMapsMobileTests.xctest */,
			);
			name = Products;
			sourceTree = "<group>";
		};
		C750761417FCB7E40055D3E8 /* Frameworks */ = {
			isa = PBXGroup;
			children = (
				C701DFCE2333D73700B1082F /* PDFKit.framework */,
				C701DFCC2333968D00B1082F /* WebKit.framework */,
				C752F12418FC7465006A6B81 /* libsqlite3.0.dylib */,
				C7B23B3618367FB400C7E536 /* AdSupport.framework */,
				C7A82B7618356EF200FBD5B8 /* SystemConfiguration.framework */,
				C7A82B7418356EE800FBD5B8 /* CoreData.framework */,
				C750765D17FCB9430055D3E8 /* Security.framework */,
				C750765B17FCB93F0055D3E8 /* QuartzCore.framework */,
				C750765917FCB9350055D3E8 /* OpenGLES.framework */,
				C750765717FCB92A0055D3E8 /* CoreText.framework */,
				C750765517FCB9250055D3E8 /* MediaPlayer.framework */,
				C750765317FCB9200055D3E8 /* MobileCoreServices.framework */,
				C750765117FCB91B0055D3E8 /* libc++.dylib */,
				C750764F17FCB8DC0055D3E8 /* libz.dylib */,
				C750764D17FCB84E0055D3E8 /* CoreLocation.framework */,
				C750761517FCB7E40055D3E8 /* Foundation.framework */,
				C750761717FCB7E40055D3E8 /* CoreGraphics.framework */,
				C750761917FCB7E40055D3E8 /* UIKit.framework */,
				C750763717FCB7E40055D3E8 /* XCTest.framework */,
			);
			name = Frameworks;
			sourceTree = "<group>";
		};
		C750761B17FCB7E40055D3E8 /* iMAPSmobile */ = {
			isa = PBXGroup;
			children = (
				C701DFD32333F32B00B1082F /* SVProgressHUD */,
				C701DFD12333DCFF00B1082F /* PDFCustomViewController.h */,
				C701DFD02333DCFF00B1082F /* PDFCustomViewController.m */,
				C701DFCA2332C4BE00B1082F /* ArcGIS.bundle */,
				C7622EC01886E16F0004C297 /* Reachability.h */,
				C7622EC11886E16F0004C297 /* Reachability.m */,
				C750762417FCB7E40055D3E8 /* AppDelegate.h */,
				C750762517FCB7E40055D3E8 /* AppDelegate.m */,
				C7FCBC6118048624001FBE08 /* SingletonData.h */,
				C7FCBC6218048624001FBE08 /* SingletonData.m */,
				C750762717FCB7E40055D3E8 /* Main_iPhone.storyboard */,
				C750762A17FCB7E40055D3E8 /* Main_iPad.storyboard */,
				C7D8B82E17FDB4D50062EE89 /* SearchController.h */,
				C7D8B82F17FDB4D50062EE89 /* SearchController.m */,
				C702B095180344050081C798 /* ResultsViewController.h */,
				C702B096180344050081C798 /* ResultsViewController.m */,
				C702B092180338F60081C798 /* ResultCell.h */,
				C702B093180338F60081C798 /* ResultCell.m */,
				C702B08F1802F4870081C798 /* InfoViewController.h */,
				C702B0901802F4870081C798 /* InfoViewController.m */,
				C750762D17FCB7E40055D3E8 /* MapViewController.h */,
				C750762E17FCB7E40055D3E8 /* MapViewController.m */,
				C7B28CC51860C79C00A42D3B /* MapSettingsController.h */,
				C7B28CC61860C79C00A42D3B /* MapSettingsController.m */,
				C7369475185BA6E600A35C2D /* BaseMapsSegementedController.h */,
				C7369476185BA6E600A35C2D /* BaseMapsSegementedController.m */,
				C7FCBC5E180470C2001FBE08 /* LayersViewController.h */,
				C7FCBC5F180470C2001FBE08 /* LayersViewController.m */,
				C7FC44FB1806F182007901FA /* LayerCell.h */,
				C7FC44FC1806F182007901FA /* LayerCell.m */,
				C71860811806FCB9001947E4 /* LayerSwitch.h */,
				C71860821806FCB9001947E4 /* LayerSwitch.m */,
				C71860841806FF0A001947E4 /* LayerSlider.h */,
				C71860851806FF0A001947E4 /* LayerSlider.m */,
				C704882D1805B87C001F2E2A /* LayerDetailsViewController.h */,
				C704882E1805B87C001F2E2A /* LayerDetailsViewController.m */,
				C7E99367180C7015008EC029 /* LayerDetailCell.h */,
				C7E99368180C7015008EC029 /* LayerDetailCell.m */,
				C7E99361180C6A3E008EC029 /* LayerDetailSwitch.h */,
				C7E99362180C6A3E008EC029 /* LayerDetailSwitch.m */,
				C7186087180704AE001947E4 /* LegendViewController.h */,
				C7186088180704AE001947E4 /* LegendViewController.m */,
				C718608A180718BC001947E4 /* LegendCell.h */,
				C718608B180718BC001947E4 /* LegendCell.m */,
				C71E124B1808369C00B52444 /* PhotosViewController.h */,
				C71E124C1808369C00B52444 /* PhotosViewController.m */,
				C71E125D1808675200B52444 /* PhotoContentViewController.h */,
				C71E125E1808675200B52444 /* PhotoContentViewController.m */,
				C71E124E180836B100B52444 /* DeedsViewController.h */,
				C71E124F180836B100B52444 /* DeedsViewController.m */,
				C71E1254180836D900B52444 /* TaxViewController.h */,
				C71E1255180836D900B52444 /* TaxViewController.m */,
				C721DDA4182D3A8900D7605F /* AddressesViewController.h */,
				C721DDA5182D3A8900D7605F /* AddressesViewController.m */,
				C7A82B7218356D9D00FBD5B8 /* libGoogleAnalyticsServices.a */,
				C722EFD6183E513500B50189 /* ServicesWebViewController.h */,
				C722EFD7183E513500B50189 /* ServicesWebViewController.m */,
				C750763017FCB7E40055D3E8 /* Images.xcassets */,
				C750761C17FCB7E40055D3E8 /* Supporting Files */,
				C742CD4F19F000FA00597EC2 /* SepticPermitViewController.h */,
				C742CD5019F000FA00597EC2 /* SepticPermitViewController.m */,
			);
			path = iMAPSmobile;
			sourceTree = "<group>";
		};
		C750761C17FCB7E40055D3E8 /* Supporting Files */ = {
			isa = PBXGroup;
			children = (
				C750761D17FCB7E40055D3E8 /* iMapsMobile-Info.plist */,
				C750761E17FCB7E40055D3E8 /* InfoPlist.strings */,
				C750762117FCB7E40055D3E8 /* main.m */,
				C750762317FCB7E40055D3E8 /* iMapsMobile-Prefix.pch */,
			);
			name = "Supporting Files";
			sourceTree = "<group>";
		};
		C750763D17FCB7E40055D3E8 /* iMAPSmobileTests */ = {
			isa = PBXGroup;
			children = (
				C750764317FCB7E40055D3E8 /* iMAPSmobileTests.m */,
				C750763E17FCB7E40055D3E8 /* Supporting Files */,
			);
			path = iMAPSmobileTests;
			sourceTree = "<group>";
		};
		C750763E17FCB7E40055D3E8 /* Supporting Files */ = {
			isa = PBXGroup;
			children = (
				C750763F17FCB7E40055D3E8 /* iMAPSTests-Info.plist */,
				C750764017FCB7E40055D3E8 /* InfoPlist.strings */,
			);
			name = "Supporting Files";
			sourceTree = "<group>";
		};
/* End PBXGroup section */

/* Begin PBXNativeTarget section */
		C750761117FCB7E40055D3E8 /* iMapsMobile */ = {
			isa = PBXNativeTarget;
			buildConfigurationList = C750764717FCB7E40055D3E8 /* Build configuration list for PBXNativeTarget "iMapsMobile" */;
			buildPhases = (
				C750760E17FCB7E40055D3E8 /* Sources */,
				C750760F17FCB7E40055D3E8 /* Frameworks */,
				C750761017FCB7E40055D3E8 /* Resources */,
			);
			buildRules = (
			);
			dependencies = (
			);
			name = iMapsMobile;
			productName = iMAPSmobile;
			productReference = C750761217FCB7E40055D3E8 /* iMapsMobile.app */;
			productType = "com.apple.product-type.application";
		};
		C750763517FCB7E40055D3E8 /* iMapsMobileTests */ = {
			isa = PBXNativeTarget;
			buildConfigurationList = C750764A17FCB7E40055D3E8 /* Build configuration list for PBXNativeTarget "iMapsMobileTests" */;
			buildPhases = (
				C750763217FCB7E40055D3E8 /* Sources */,
				C750763317FCB7E40055D3E8 /* Frameworks */,
				C750763417FCB7E40055D3E8 /* Resources */,
			);
			buildRules = (
			);
			dependencies = (
				C750763C17FCB7E40055D3E8 /* PBXTargetDependency */,
			);
			name = iMapsMobileTests;
			productName = iMAPSmobileTests;
			productReference = C750763617FCB7E40055D3E8 /* iMapsMobileTests.xctest */;
			productType = "com.apple.product-type.bundle.unit-test";
		};
/* End PBXNativeTarget section */

/* Begin PBXProject section */
		C750760A17FCB7E40055D3E8 /* Project object */ = {
			isa = PBXProject;
			attributes = {
				LastUpgradeCheck = 1030;
				ORGANIZATIONNAME = "City of Raleigh";
				TargetAttributes = {
					C750761117FCB7E40055D3E8 = {
						DevelopmentTeam = MRWDJLVR85;
					};
					C750763517FCB7E40055D3E8 = {
						TestTargetID = C750761117FCB7E40055D3E8;
					};
				};
			};
			buildConfigurationList = C750760D17FCB7E40055D3E8 /* Build configuration list for PBXProject "iMAPSmobile" */;
			compatibilityVersion = "Xcode 3.2";
			developmentRegion = en;
			hasScannedForEncodings = 0;
			knownRegions = (
				en,
				Base,
			);
			mainGroup = C750760917FCB7E40055D3E8;
			productRefGroup = C750761317FCB7E40055D3E8 /* Products */;
			projectDirPath = "";
			projectRoot = "";
			targets = (
				C750761117FCB7E40055D3E8 /* iMapsMobile */,
				C750763517FCB7E40055D3E8 /* iMapsMobileTests */,
			);
		};
/* End PBXProject section */

/* Begin PBXResourcesBuildPhase section */
		C750761017FCB7E40055D3E8 /* Resources */ = {
			isa = PBXResourcesBuildPhase;
			buildActionMask = 2147483647;
			files = (
				C750762C17FCB7E40055D3E8 /* Main_iPad.storyboard in Resources */,
				C701DFE22333F32B00B1082F /* SVProgressHUD.bundle in Resources */,
				C701DFCB2332C4BE00B1082F /* ArcGIS.bundle in Resources */,
				C750763117FCB7E40055D3E8 /* Images.xcassets in Resources */,
				C750762917FCB7E40055D3E8 /* Main_iPhone.storyboard in Resources */,
				C763F60B23352E430096CB6C /* Launch Screen iPad.storyboard in Resources */,
				C750762017FCB7E40055D3E8 /* InfoPlist.strings in Resources */,
				C763F60923352E0B0096CB6C /* Launch Screen.storyboard in Resources */,
			);
			runOnlyForDeploymentPostprocessing = 0;
		};
		C750763417FCB7E40055D3E8 /* Resources */ = {
			isa = PBXResourcesBuildPhase;
			buildActionMask = 2147483647;
			files = (
				C750764217FCB7E40055D3E8 /* InfoPlist.strings in Resources */,
			);
			runOnlyForDeploymentPostprocessing = 0;
		};
/* End PBXResourcesBuildPhase section */

/* Begin PBXSourcesBuildPhase section */
		C750760E17FCB7E40055D3E8 /* Sources */ = {
			isa = PBXSourcesBuildPhase;
			buildActionMask = 2147483647;
			files = (
				C7FCBC60180470C2001FBE08 /* LayersViewController.m in Sources */,
				C71E125F1808675200B52444 /* PhotoContentViewController.m in Sources */,
				C718608C180718BC001947E4 /* LegendCell.m in Sources */,
				C722EFD8183E513500B50189 /* ServicesWebViewController.m in Sources */,
				C742CD5119F000FA00597EC2 /* SepticPermitViewController.m in Sources */,
				C71E1256180836DA00B52444 /* TaxViewController.m in Sources */,
				C701DFD22333DCFF00B1082F /* PDFCustomViewController.m in Sources */,
				C7186089180704AE001947E4 /* LegendViewController.m in Sources */,
				C704882F1805B87C001F2E2A /* LayerDetailsViewController.m in Sources */,
				C7FCBC6318048624001FBE08 /* SingletonData.m in Sources */,
				C71860831806FCB9001947E4 /* LayerSwitch.m in Sources */,
				C701DFDF2333F32B00B1082F /* SVProgressAnimatedView.m in Sources */,
				C7622EC21886E16F0004C297 /* Reachability.m in Sources */,
				C7FC44FD1806F182007901FA /* LayerCell.m in Sources */,
				C750762F17FCB7E40055D3E8 /* MapViewController.m in Sources */,
				C7B28CC71860C79C00A42D3B /* MapSettingsController.m in Sources */,
				C71860861806FF0A001947E4 /* LayerSlider.m in Sources */,
				C721DDA6182D3A8900D7605F /* AddressesViewController.m in Sources */,
				C7E99363180C6A3E008EC029 /* LayerDetailSwitch.m in Sources */,
				C702B097180344050081C798 /* ResultsViewController.m in Sources */,
				C702B094180338F60081C798 /* ResultCell.m in Sources */,
				C750762617FCB7E40055D3E8 /* AppDelegate.m in Sources */,
				C702B0911802F4870081C798 /* InfoViewController.m in Sources */,
				C71E124D1808369C00B52444 /* PhotosViewController.m in Sources */,
				C7369477185BA6E600A35C2D /* BaseMapsSegementedController.m in Sources */,
				C701DFDE2333F32B00B1082F /* SVRadialGradientLayer.m in Sources */,
				C7E99369180C7015008EC029 /* LayerDetailCell.m in Sources */,
				C701DFE12333F32B00B1082F /* SVIndefiniteAnimatedView.m in Sources */,
				C750762217FCB7E40055D3E8 /* main.m in Sources */,
				C7D8B83017FDB4D50062EE89 /* SearchController.m in Sources */,
				C701DFE02333F32B00B1082F /* SVProgressHUD.m in Sources */,
				C71E1250180836B100B52444 /* DeedsViewController.m in Sources */,
			);
			runOnlyForDeploymentPostprocessing = 0;
		};
		C750763217FCB7E40055D3E8 /* Sources */ = {
			isa = PBXSourcesBuildPhase;
			buildActionMask = 2147483647;
			files = (
				C750764417FCB7E40055D3E8 /* iMAPSmobileTests.m in Sources */,
			);
			runOnlyForDeploymentPostprocessing = 0;
		};
/* End PBXSourcesBuildPhase section */

/* Begin PBXTargetDependency section */
		C750763C17FCB7E40055D3E8 /* PBXTargetDependency */ = {
			isa = PBXTargetDependency;
			target = C750761117FCB7E40055D3E8 /* iMapsMobile */;
			targetProxy = C750763B17FCB7E40055D3E8 /* PBXContainerItemProxy */;
		};
/* End PBXTargetDependency section */

/* Begin PBXVariantGroup section */
		C750761E17FCB7E40055D3E8 /* InfoPlist.strings */ = {
			isa = PBXVariantGroup;
			children = (
				C750761F17FCB7E40055D3E8 /* en */,
			);
			name = InfoPlist.strings;
			sourceTree = "<group>";
		};
		C750762717FCB7E40055D3E8 /* Main_iPhone.storyboard */ = {
			isa = PBXVariantGroup;
			children = (
				C750762817FCB7E40055D3E8 /* Base */,
			);
			name = Main_iPhone.storyboard;
			sourceTree = "<group>";
		};
		C750762A17FCB7E40055D3E8 /* Main_iPad.storyboard */ = {
			isa = PBXVariantGroup;
			children = (
				C750762B17FCB7E40055D3E8 /* Base */,
			);
			name = Main_iPad.storyboard;
			sourceTree = "<group>";
		};
		C750764017FCB7E40055D3E8 /* InfoPlist.strings */ = {
			isa = PBXVariantGroup;
			children = (
				C750764117FCB7E40055D3E8 /* en */,
			);
			name = InfoPlist.strings;
			sourceTree = "<group>";
		};
/* End PBXVariantGroup section */

/* Begin XCBuildConfiguration section */
		C750764517FCB7E40055D3E8 /* Debug */ = {
			isa = XCBuildConfiguration;
			buildSettings = {
				ALWAYS_SEARCH_USER_PATHS = NO;
				CLANG_ANALYZER_LOCALIZABILITY_NONLOCALIZED = YES;
				CLANG_CXX_LANGUAGE_STANDARD = "gnu++0x";
				CLANG_CXX_LIBRARY = "libc++";
				CLANG_ENABLE_MODULES = YES;
				CLANG_ENABLE_OBJC_ARC = YES;
				CLANG_WARN_BLOCK_CAPTURE_AUTORELEASING = YES;
				CLANG_WARN_BOOL_CONVERSION = YES;
				CLANG_WARN_COMMA = YES;
				CLANG_WARN_CONSTANT_CONVERSION = YES;
				CLANG_WARN_DEPRECATED_OBJC_IMPLEMENTATIONS = YES;
				CLANG_WARN_DIRECT_OBJC_ISA_USAGE = YES_ERROR;
				CLANG_WARN_EMPTY_BODY = YES;
				CLANG_WARN_ENUM_CONVERSION = YES;
				CLANG_WARN_INFINITE_RECURSION = YES;
				CLANG_WARN_INT_CONVERSION = YES;
				CLANG_WARN_NON_LITERAL_NULL_CONVERSION = YES;
				CLANG_WARN_OBJC_IMPLICIT_RETAIN_SELF = YES;
				CLANG_WARN_OBJC_LITERAL_CONVERSION = YES;
				CLANG_WARN_OBJC_ROOT_CLASS = YES_ERROR;
				CLANG_WARN_RANGE_LOOP_ANALYSIS = YES;
				CLANG_WARN_STRICT_PROTOTYPES = YES;
				CLANG_WARN_SUSPICIOUS_MOVE = YES;
				CLANG_WARN_UNREACHABLE_CODE = YES;
				CLANG_WARN__DUPLICATE_METHOD_MATCH = YES;
				CODE_SIGN_IDENTITY = "iPhone Distribution: City of Raleigh (MRWDJLVR85)";
				"CODE_SIGN_IDENTITY[sdk=iphoneos*]" = "iPhone Developer";
				COPY_PHASE_STRIP = NO;
				ENABLE_STRICT_OBJC_MSGSEND = YES;
				ENABLE_TESTABILITY = YES;
				FRAMEWORK_SEARCH_PATHS = "$(HOME)/Library/SDKs/ArcGIS/iOS/**";
				GCC_C_LANGUAGE_STANDARD = gnu99;
				GCC_DYNAMIC_NO_PIC = NO;
				GCC_NO_COMMON_BLOCKS = YES;
				GCC_OPTIMIZATION_LEVEL = 0;
				GCC_PREPROCESSOR_DEFINITIONS = (
					"DEBUG=1",
					"$(inherited)",
				);
				GCC_SYMBOLS_PRIVATE_EXTERN = NO;
				GCC_WARN_64_TO_32_BIT_CONVERSION = YES;
				GCC_WARN_ABOUT_RETURN_TYPE = YES_ERROR;
				GCC_WARN_UNDECLARED_SELECTOR = YES;
				GCC_WARN_UNINITIALIZED_AUTOS = YES;
				GCC_WARN_UNUSED_FUNCTION = YES;
				GCC_WARN_UNUSED_VARIABLE = YES;
				IPHONEOS_DEPLOYMENT_TARGET = 8.0;
				ONLY_ACTIVE_ARCH = YES;
				OTHER_LDFLAGS = (
					"-ObjC",
					"-framework",
					ArcGIS,
					"-l",
					"c++",
				);
				PROVISIONING_PROFILE = "";
				SDKROOT = iphoneos;
				TARGETED_DEVICE_FAMILY = "1,2";
				VALID_ARCHS = "armv7 armv7s arm64";
			};
			name = Debug;
		};
		C750764617FCB7E40055D3E8 /* Release */ = {
			isa = XCBuildConfiguration;
			buildSettings = {
				ALWAYS_SEARCH_USER_PATHS = NO;
				CLANG_ANALYZER_LOCALIZABILITY_NONLOCALIZED = YES;
				CLANG_CXX_LANGUAGE_STANDARD = "gnu++0x";
				CLANG_CXX_LIBRARY = "libc++";
				CLANG_ENABLE_MODULES = YES;
				CLANG_ENABLE_OBJC_ARC = YES;
				CLANG_WARN_BLOCK_CAPTURE_AUTORELEASING = YES;
				CLANG_WARN_BOOL_CONVERSION = YES;
				CLANG_WARN_COMMA = YES;
				CLANG_WARN_CONSTANT_CONVERSION = YES;
				CLANG_WARN_DEPRECATED_OBJC_IMPLEMENTATIONS = YES;
				CLANG_WARN_DIRECT_OBJC_ISA_USAGE = YES_ERROR;
				CLANG_WARN_EMPTY_BODY = YES;
				CLANG_WARN_ENUM_CONVERSION = YES;
				CLANG_WARN_INFINITE_RECURSION = YES;
				CLANG_WARN_INT_CONVERSION = YES;
				CLANG_WARN_NON_LITERAL_NULL_CONVERSION = YES;
				CLANG_WARN_OBJC_IMPLICIT_RETAIN_SELF = YES;
				CLANG_WARN_OBJC_LITERAL_CONVERSION = YES;
				CLANG_WARN_OBJC_ROOT_CLASS = YES_ERROR;
				CLANG_WARN_RANGE_LOOP_ANALYSIS = YES;
				CLANG_WARN_STRICT_PROTOTYPES = YES;
				CLANG_WARN_SUSPICIOUS_MOVE = YES;
				CLANG_WARN_UNREACHABLE_CODE = YES;
				CLANG_WARN__DUPLICATE_METHOD_MATCH = YES;
				CODE_SIGN_IDENTITY = "iPhone Distribution: City of Raleigh (MRWDJLVR85)";
				"CODE_SIGN_IDENTITY[sdk=iphoneos*]" = "iPhone Distribution";
				COPY_PHASE_STRIP = YES;
				ENABLE_NS_ASSERTIONS = NO;
				ENABLE_STRICT_OBJC_MSGSEND = YES;
				FRAMEWORK_SEARCH_PATHS = "$(HOME)/Library/SDKs/ArcGIS/iOS/**";
				GCC_C_LANGUAGE_STANDARD = gnu99;
				GCC_NO_COMMON_BLOCKS = YES;
				GCC_WARN_64_TO_32_BIT_CONVERSION = YES;
				GCC_WARN_ABOUT_RETURN_TYPE = YES_ERROR;
				GCC_WARN_UNDECLARED_SELECTOR = YES;
				GCC_WARN_UNINITIALIZED_AUTOS = YES;
				GCC_WARN_UNUSED_FUNCTION = YES;
				GCC_WARN_UNUSED_VARIABLE = YES;
				IPHONEOS_DEPLOYMENT_TARGET = 8.0;
				ONLY_ACTIVE_ARCH = NO;
				OTHER_LDFLAGS = (
					"-ObjC",
					"-framework",
					ArcGIS,
					"-l",
					"c++",
				);
				PROVISIONING_PROFILE = "";
				SDKROOT = iphoneos;
				TARGETED_DEVICE_FAMILY = "1,2";
				VALIDATE_PRODUCT = YES;
				VALID_ARCHS = "armv7 armv7s arm64";
			};
			name = Release;
		};
		C750764817FCB7E40055D3E8 /* Debug */ = {
			isa = XCBuildConfiguration;
			buildSettings = {
				ASSETCATALOG_COMPILER_APPICON_NAME = AppIcon;
				CODE_SIGN_IDENTITY = "iPhone Developer";
				"CODE_SIGN_IDENTITY[sdk=iphoneos*]" = "iPhone Developer";
				CURRENT_PROJECT_VERSION = 17;
				ENABLE_BITCODE = NO;
				FRAMEWORK_SEARCH_PATHS = "$(HOME)/Library/SDKs/ArcGIS/iOS/**";
				GCC_PRECOMPILE_PREFIX_HEADER = YES;
				GCC_PREFIX_HEADER = "iMAPSmobile/iMapsMobile-Prefix.pch";
				INFOPLIST_FILE = "iMAPSmobile/iMapsMobile-Info.plist";
				IPHONEOS_DEPLOYMENT_TARGET = 11.0;
				LD_RUNPATH_SEARCH_PATHS = "$(inherited) @executable_path/Frameworks";
				LIBRARY_SEARCH_PATHS = (
					"$(inherited)",
					/Users/grecoj/Documents/iMAPSmobile/iMAPSmobile/iMAPSmobile,
					"$(PROJECT_DIR)/iMAPSmobile",
				);
				OTHER_LDFLAGS = (
					"-ObjC",
					"-framework",
					ArcGIS,
					"-l",
					"c++",
				);
				PRODUCT_BUNDLE_IDENTIFIER = "com.raleigh.${PRODUCT_NAME:rfc1034identifier}";
				PRODUCT_NAME = iMapsMobile;
				PROVISIONING_PROFILE = "";
				SDKROOT = iphoneos;
				TARGETED_DEVICE_FAMILY = "1,2";
				VALID_ARCHS = "arm64 armv7";
				WRAPPER_EXTENSION = app;
			};
			name = Debug;
		};
		C750764917FCB7E40055D3E8 /* Release */ = {
			isa = XCBuildConfiguration;
			buildSettings = {
				ASSETCATALOG_COMPILER_APPICON_NAME = AppIcon;
				CODE_SIGN_IDENTITY = "iPhone Developer";
				"CODE_SIGN_IDENTITY[sdk=iphoneos*]" = "iPhone Developer";
				CURRENT_PROJECT_VERSION = 17;
				ENABLE_BITCODE = NO;
				FRAMEWORK_SEARCH_PATHS = "$(HOME)/Library/SDKs/ArcGIS/iOS/**";
				GCC_PRECOMPILE_PREFIX_HEADER = YES;
				GCC_PREFIX_HEADER = "iMAPSmobile/iMapsMobile-Prefix.pch";
				INFOPLIST_FILE = "iMAPSmobile/iMapsMobile-Info.plist";
				IPHONEOS_DEPLOYMENT_TARGET = 11.0;
				LD_RUNPATH_SEARCH_PATHS = "$(inherited) @executable_path/Frameworks";
				LIBRARY_SEARCH_PATHS = (
					"$(inherited)",
					/Users/grecoj/Documents/iMAPSmobile/iMAPSmobile/iMAPSmobile,
					"$(PROJECT_DIR)/iMAPSmobile",
				);
				OTHER_LDFLAGS = (
					"-ObjC",
					"-framework",
					ArcGIS,
					"-l",
					"c++",
				);
				PRODUCT_BUNDLE_IDENTIFIER = "com.raleigh.${PRODUCT_NAME:rfc1034identifier}";
				PRODUCT_NAME = iMapsMobile;
				PROVISIONING_PROFILE = "";
				SDKROOT = iphoneos;
				TARGETED_DEVICE_FAMILY = "1,2";
				VALID_ARCHS = "arm64 armv7";
				WRAPPER_EXTENSION = app;
			};
			name = Release;
		};
		C750764B17FCB7E40055D3E8 /* Debug */ = {
			isa = XCBuildConfiguration;
			buildSettings = {
				BUNDLE_LOADER = "$(BUILT_PRODUCTS_DIR)/iMAPSmobile.app/iMAPSmobile";
				FRAMEWORK_SEARCH_PATHS = (
					"$(SDKROOT)/Developer/Library/Frameworks",
					"$(inherited)",
					"$(DEVELOPER_FRAMEWORKS_DIR)",
				);
				GCC_PRECOMPILE_PREFIX_HEADER = YES;
				GCC_PREFIX_HEADER = "iMAPSmobile/iMAPSmobile-Prefix.pch";
				GCC_PREPROCESSOR_DEFINITIONS = (
					"DEBUG=1",
					"$(inherited)",
				);
				INFOPLIST_FILE = "iMAPSmobileTests/iMAPSTests-Info.plist";
				PRODUCT_NAME = iMapsMobileTests;
				TEST_HOST = "$(BUNDLE_LOADER)";
				WRAPPER_EXTENSION = xctest;
			};
			name = Debug;
		};
		C750764C17FCB7E40055D3E8 /* Release */ = {
			isa = XCBuildConfiguration;
			buildSettings = {
				BUNDLE_LOADER = "$(BUILT_PRODUCTS_DIR)/iMAPSmobile.app/iMAPSmobile";
				FRAMEWORK_SEARCH_PATHS = (
					"$(SDKROOT)/Developer/Library/Frameworks",
					"$(inherited)",
					"$(DEVELOPER_FRAMEWORKS_DIR)",
				);
				GCC_PRECOMPILE_PREFIX_HEADER = YES;
				GCC_PREFIX_HEADER = "iMAPSmobile/iMAPSmobile-Prefix.pch";
				INFOPLIST_FILE = "iMAPSmobileTests/iMAPSTests-Info.plist";
				PRODUCT_NAME = iMapsMobileTests;
				TEST_HOST = "$(BUNDLE_LOADER)";
				WRAPPER_EXTENSION = xctest;
			};
			name = Release;
		};
/* End XCBuildConfiguration section */

/* Begin XCConfigurationList section */
		C750760D17FCB7E40055D3E8 /* Build configuration list for PBXProject "iMAPSmobile" */ = {
			isa = XCConfigurationList;
			buildConfigurations = (
				C750764517FCB7E40055D3E8 /* Debug */,
				C750764617FCB7E40055D3E8 /* Release */,
			);
			defaultConfigurationIsVisible = 0;
			defaultConfigurationName = Release;
		};
		C750764717FCB7E40055D3E8 /* Build configuration list for PBXNativeTarget "iMapsMobile" */ = {
			isa = XCConfigurationList;
			buildConfigurations = (
				C750764817FCB7E40055D3E8 /* Debug */,
				C750764917FCB7E40055D3E8 /* Release */,
			);
			defaultConfigurationIsVisible = 0;
			defaultConfigurationName = Release;
		};
		C750764A17FCB7E40055D3E8 /* Build configuration list for PBXNativeTarget "iMapsMobileTests" */ = {
			isa = XCConfigurationList;
			buildConfigurations = (
				C750764B17FCB7E40055D3E8 /* Debug */,
				C750764C17FCB7E40055D3E8 /* Release */,
			);
			defaultConfigurationIsVisible = 0;
			defaultConfigurationName = Release;
		};
/* End XCConfigurationList section */
	};
	rootObject = C750760A17FCB7E40055D3E8 /* Project object */;
}
